Microsoft Visual Studio Solution File, Format Version 12.00
# Visual Studio Version 17
VisualStudioVersion = 17.5.2.0
MinimumVisualStudioVersion = 10.0.40219.1
Project("{FAE04EC0-301F-11D3-BF4B-00C04F79EFBC}") = "LinqJoin", "LinqJoin.csproj", "{78EC9311-060B-FEF2-E2DA-9161D88CEFB7}"
EndProject
Global
	GlobalSection(SolutionConfigurationPlatforms) = preSolution
		Debug|Any CPU = Debug|Any CPU
		Release|Any CPU = Release|Any CPU
	EndGlobalSection
	GlobalSection(ProjectConfigurationPlatforms) = postSolution
		{78EC9311-060B-FEF2-E2DA-9161D88CEFB7}.Debug|Any CPU.ActiveCfg = Debug|Any CPU
		{78EC9311-060B-FEF2-E2DA-9161D88CEFB7}.Debug|Any CPU.Build.0 = Debug|Any CPU
		{78EC9311-060B-FEF2-E2DA-9161D88CEFB7}.Release|Any CPU.ActiveCfg = Release|Any CPU
		{78EC9311-060B-FEF2-E2DA-9161D88CEFB7}.Release|Any CPU.Build.0 = Release|Any CPU
	EndGlobalSection
	GlobalSection(SolutionProperties) = preSolution
		HideSolutionNode = FALSE
	EndGlobalSection
	GlobalSection(ExtensibilityGlobals) = postSolution
		SolutionGuid = {B8AD0011-B80C-44F0-A91A-4D8D9AE923FF}
	EndGlobalSection
EndGlobal
